
Microsoft Visual Studio Solution File, Format Version 12.00
# Visual Studio Version 17
VisualStudioVersion = 17.10.35027.167
MinimumVisualStudioVersion = 10.0.40219.1
Project("{FAE04EC0-301F-11D3-BF4B-00C04F79EFBC}") = "P13E41925597", "P13E41925597.csproj", "{5609C102-89E2-4E13-8D14-1A15B75B43FC}"
EndProject
Global
	GlobalSection(SolutionConfigurationPlatforms) = preSolution
		Debug|Any CPU = Debug|Any CPU
		Release|Any CPU = Release|Any CPU
	EndGlobalSection
	GlobalSection(ProjectConfigurationPlatforms) = postSolution
		{5609C102-89E2-4E13-8D14-1A15B75B43FC}.Debug|Any CPU.ActiveCfg = Debug|Any CPU
		{5609C102-89E2-4E13-8D14-1A15B75B43FC}.Debug|Any CPU.Build.0 = Debug|Any CPU
		{5609C102-89E2-4E13-8D14-1A15B75B43FC}.Debug|Any CPU.Deploy.0 = Debug|Any CPU
		{5609C102-89E2-4E13-8D14-1A15B75B43FC}.Release|Any CPU.ActiveCfg = Release|Any CPU
		{5609C102-89E2-4E13-8D14-1A15B75B43FC}.Release|Any CPU.Build.0 = Release|Any CPU
		{5609C102-89E2-4E13-8D14-1A15B75B43FC}.Release|Any CPU.Deploy.0 = Release|Any CPU
	EndGlobalSection
	GlobalSection(SolutionProperties) = preSolution
		HideSolutionNode = FALSE
	EndGlobalSection
	GlobalSection(ExtensibilityGlobals) = postSolution
		SolutionGuid = {A456FE76-DF17-4E99-AD5C-6FC3C545F838}
	EndGlobalSection
EndGlobal
